<?xml version="1.0" encoding="UTF-8"?>
<Scheme
   LastUpgradeVersion = "0500"
   version = "1.3">
   <BuildAction
      parallelizeBuildables = "YES"
      buildImplicitDependencies = "YES">
      <BuildActionEntries>
         <BuildActionEntry
            buildForTesting = "YES"
            buildForRunning = "YES"
            buildForProfiling = "YES"
            buildForArchiving = "YES"
            buildForAnalyzing = "YES">
            <BuildableReference
               BuildableIdentifier = "primary"
               BlueprintIdentifier = "32C9764917D4955400F76D3F"
               BuildableName = "oscilloscopes"
               BlueprintName = "oscilloscopes"
               ReferencedContainer = "container:oscilloscopes.xcodeproj">
            </BuildableReference>
         </BuildActionEntry>
      </BuildActionEntries>
   </BuildAction>
   <TestAction
      selectedDebuggerIdentifier = "Xcode.DebuggerFoundation.Debugger.LLDB"
      selectedLauncherIdentifier = "Xcode.DebuggerFoundation.Launcher.LLDB"
      shouldUseLaunchSchemeArgsEnv = "YES"
      buildConfiguration = "Debug">
      <Testables>
      </Testables>
      <MacroExpansion>
         <BuildableReference
            BuildableIdentifier = "primary"
            BlueprintIdentifier = "32C9764917D4955400F76D3F"
            BuildableName = "oscilloscopes"
            BlueprintName = "oscilloscopes"
            ReferencedContainer = "container:oscilloscopes.xcodeproj">
         </BuildableReference>
      </MacroExpansion>
   </TestAction>
   <LaunchAction
      selectedDebuggerIdentifier = "Xcode.DebuggerFoundation.Debugger.LLDB"
      selectedLauncherIdentifier = "Xcode.DebuggerFoundation.Launcher.LLDB"
      launchStyle = "0"
      useCustomWorkingDirectory = "NO"
      buildConfiguration = "Debug"
      ignoresPersistentStateOnLaunch = "NO"
      debugDocumentVersioning = "YES"
      allowLocationSimulation = "YES">
      <BuildableProductRunnable>
         <BuildableReference
            BuildableIdentifier = "primary"
            BlueprintIdentifier = "32C9764917D4955400F76D3F"
            BuildableName = "oscilloscopes"
            BlueprintName = "oscilloscopes"
            ReferencedContainer = "container:oscilloscopes.xcodeproj">
         </BuildableReference>
      </BuildableProductRunnable>
      <CommandLineArguments>
         <CommandLineArgument
            argument = "--log-on-console"
            isEnabled = "YES">
         </CommandLineArgument>
         <CommandLineArgument
            argument = "--log-level"
            isEnabled = "YES">
         </CommandLineArgument>
         <CommandLineArgument
            argument = "debug"
            isEnabled = "YES">
         </CommandLineArgument>
         <CommandLineArgument
            argument = "--metadata-server"
            isEnabled = "YES">
         </CommandLineArgument>
         <CommandLineArgument
            argument = "pcbisegni:5000"
            isEnabled = "YES">
         </CommandLineArgument>
         <CommandLineArgument
            argument = "--device_id"
            isEnabled = "YES">
         </CommandLineArgument>
         <CommandLineArgument
            argument = "waveform_a"
            isEnabled = "YES">
         </CommandLineArgument>
      </CommandLineArguments>
      <EnvironmentVariables>
         <EnvironmentVariable
            key = "DYLD_LIBRARY_PATH"
            value = "/Volumes/DeepData/Sorgenti/chaos/chaos_bundle/chaosframework/usr/local/lib"
            isEnabled = "YES">
         </EnvironmentVariable>
      </EnvironmentVariables>
      <AdditionalOptions>
      </AdditionalOptions>
   </LaunchAction>
   <ProfileAction
      shouldUseLaunchSchemeArgsEnv = "YES"
      savedToolIdentifier = ""
      useCustomWorkingDirectory = "NO"
      buildConfiguration = "Release"
      debugDocumentVersioning = "YES">
      <BuildableProductRunnable>
         <BuildableReference
            BuildableIdentifier = "primary"
            BlueprintIdentifier = "32C9764917D4955400F76D3F"
            BuildableName = "oscilloscopes"
            BlueprintName = "oscilloscopes"
            ReferencedContainer = "container:oscilloscopes.xcodeproj">
         </BuildableReference>
      </BuildableProductRunnable>
   </ProfileAction>
   <AnalyzeAction
      buildConfiguration = "Debug">
   </AnalyzeAction>
   <ArchiveAction
      buildConfiguration = "Release"
      revealArchiveInOrganizer = "YES">
   </ArchiveAction>
</Scheme>
